{
    "_readme": [
        "This file locks the dependencies of your project to a known state",
        "Read more about it at https://getcomposer.org/doc/01-basic-usage.md#installing-dependencies",
        "This file is @generated automatically"
    ],
    "content-hash": "e6d20b6340b5b4ca7e3c4e151d173b96",
    "packages": [
        {
            "name": "container-interop/container-interop",
            "version": "1.2.0",
            "source": {
                "type": "git",
                "url": "https://github.com/container-interop/container-interop.git",
                "reference": "79cbf1341c22ec75643d841642dd5d6acd83bdb8"
            },
            "dist": {
                "type": "zip",
                "url": "https://api.github.com/repos/container-interop/container-interop/zipball/79cbf1341c22ec75643d841642dd5d6acd83bdb8",
                "reference": "79cbf1341c22ec75643d841642dd5d6acd83bdb8",
                "shasum": ""
            },
            "require": {
                "psr/container": "^1.0"
            },
            "type": "library",
            "autoload": {
                "psr-4": {
                    "Interop\\Container\\": "src/Interop/Container/"
                }
            },
            "notification-url": "https://packagist.org/downloads/",
            "license": [
                "MIT"
            ],
            "description": "Promoting the interoperability of container objects (DIC, SL, etc.)",
            "homepage": "https://github.com/container-interop/container-interop",
            "time": "2017-02-14T19:40:03+00:00"
        },
        {
            "name": "dflydev/fig-cookies",
            "version": "v1.0.2",
            "source": {
                "type": "git",
                "url": "https://github.com/dflydev/dflydev-fig-cookies.git",
                "reference": "883233c159d00d39e940bd12cfe42c0d23420c1c"
            },
            "dist": {
                "type": "zip",
                "url": "https://api.github.com/repos/dflydev/dflydev-fig-cookies/zipball/883233c159d00d39e940bd12cfe42c0d23420c1c",
                "reference": "883233c159d00d39e940bd12cfe42c0d23420c1c",
                "shasum": ""
            },
            "require": {
                "php": ">=5.4",
                "psr/http-message": "~1.0"
            },
            "require-dev": {
                "codeclimate/php-test-reporter": "~0.1@dev",
                "phpunit/phpunit": "~4.5",
                "squizlabs/php_codesniffer": "~2.3"
            },
            "type": "library",
            "extra": {
                "branch-alias": {
                    "dev-master": "1.0.x-dev"
                }
            },
            "autoload": {
                "psr-4": {
                    "Dflydev\\FigCookies\\": "src/Dflydev/FigCookies"
                }
            },
            "notification-url": "https://packagist.org/downloads/",
            "license": [
                "MIT"
            ],
            "authors": [
                {
                    "name": "Beau Simensen",
                    "email": "beau@dflydev.com"
                }
            ],
            "description": "Cookies for PSR-7 HTTP Message Interface.",
            "keywords": [
                "cookies",
                "psr-7",
                "psr7"
            ],
            "time": "2016-03-28T09:10:18+00:00"
        },
        {
            "name": "marcj/topsort",
            "version": "1.1.0",
            "source": {
                "type": "git",
                "url": "https://github.com/marcj/topsort.php.git",
                "reference": "387086c2db60ee0a27ac5df588c0f0b30c6bdc4b"
            },
            "dist": {
                "type": "zip",
                "url": "https://api.github.com/repos/marcj/topsort.php/zipball/387086c2db60ee0a27ac5df588c0f0b30c6bdc4b",
                "reference": "387086c2db60ee0a27ac5df588c0f0b30c6bdc4b",
                "shasum": ""
            },
            "require": {
                "php": ">=5.4"
            },
            "require-dev": {
                "codeclimate/php-test-reporter": "dev-master",
                "phpunit/phpunit": "~4.0",
                "symfony/console": "~2.5"
            },
            "type": "library",
            "autoload": {
                "psr-4": {
                    "MJS\\TopSort\\": "src/",
                    "MJS\\TopSort\\Tests\\": "tests/Tests/"
                }
            },
            "notification-url": "https://packagist.org/downloads/",
            "license": [
                "MIT"
            ],
            "authors": [
                {
                    "name": "Marc J. Schmidt",
                    "email": "marc@marcjschmidt.de"
                }
            ],
            "description": "High-Performance TopSort/Dependency resolving algorithm",
            "keywords": [
                "dependency resolving",
                "topological sort",
                "topsort"
            ],
            "time": "2016-11-19T14:58:11+00:00"
        },
        {
            "name": "nikic/fast-route",
            "version": "v1.3.0",
            "source": {
                "type": "git",
                "url": "https://github.com/nikic/FastRoute.git",
                "reference": "181d480e08d9476e61381e04a71b34dc0432e812"
            },
            "dist": {
                "type": "zip",
                "url": "https://api.github.com/repos/nikic/FastRoute/zipball/181d480e08d9476e61381e04a71b34dc0432e812",
                "reference": "181d480e08d9476e61381e04a71b34dc0432e812",
                "shasum": ""
            },
            "require": {
                "php": ">=5.4.0"
            },
            "require-dev": {
                "phpunit/phpunit": "^4.8.35|~5.7"
            },
            "type": "library",
            "autoload": {
                "psr-4": {
                    "FastRoute\\": "src/"
                },
                "files": [
                    "src/functions.php"
                ]
            },
            "notification-url": "https://packagist.org/downloads/",
            "license": [
                "BSD-3-Clause"
            ],
            "authors": [
                {
                    "name": "Nikita Popov",
                    "email": "nikic@php.net"
                }
            ],
            "description": "Fast request router for PHP",
            "keywords": [
                "router",
                "routing"
            ],
            "time": "2018-02-13T20:26:39+00:00"
        },
        {
            "name": "phpdocumentor/reflection-common",
            "version": "1.0.1",
            "source": {
                "type": "git",
                "url": "https://github.com/phpDocumentor/ReflectionCommon.git",
                "reference": "21bdeb5f65d7ebf9f43b1b25d404f87deab5bfb6"
            },
            "dist": {
                "type": "zip",
                "url": "https://api.github.com/repos/phpDocumentor/ReflectionCommon/zipball/21bdeb5f65d7ebf9f43b1b25d404f87deab5bfb6",
                "reference": "21bdeb5f65d7ebf9f43b1b25d404f87deab5bfb6",
                "shasum": ""
            },
            "require": {
                "php": ">=5.5"
            },
            "require-dev": {
                "phpunit/phpunit": "^4.6"
            },
            "type": "library",
            "extra": {
                "branch-alias": {
                    "dev-master": "1.0.x-dev"
                }
            },
            "autoload": {
                "psr-4": {
                    "phpDocumentor\\Reflection\\": [
                        "src"
                    ]
                }
            },
            "notification-url": "https://packagist.org/downloads/",
            "license": [
                "MIT"
            ],
            "authors": [
                {
                    "name": "Jaap van Otterdijk",
                    "email": "opensource@ijaap.nl"
                }
            ],
            "description": "Common reflection classes used by phpdocumentor to reflect the code structure",
            "homepage": "http://www.phpdoc.org",
            "keywords": [
                "FQSEN",
                "phpDocumentor",
                "phpdoc",
                "reflection",
                "static analysis"
            ],
            "time": "2017-09-11T18:02:19+00:00"
        },
        {
            "name": "phpdocumentor/reflection-docblock",
            "version": "4.3.0",
            "source": {
                "type": "git",
                "url": "https://github.com/phpDocumentor/ReflectionDocBlock.git",
                "reference": "94fd0001232e47129dd3504189fa1c7225010d08"
            },
            "dist": {
                "type": "zip",
                "url": "https://api.github.com/repos/phpDocumentor/ReflectionDocBlock/zipball/94fd0001232e47129dd3504189fa1c7225010d08",
                "reference": "94fd0001232e47129dd3504189fa1c7225010d08",
                "shasum": ""
            },
            "require": {
                "php": "^7.0",
                "phpdocumentor/reflection-common": "^1.0.0",
                "phpdocumentor/type-resolver": "^0.4.0",
                "webmozart/assert": "^1.0"
            },
            "require-dev": {
                "doctrine/instantiator": "~1.0.5",
                "mockery/mockery": "^1.0",
                "phpunit/phpunit": "^6.4"
            },
            "type": "library",
            "extra": {
                "branch-alias": {
                    "dev-master": "4.x-dev"
                }
            },
            "autoload": {
                "psr-4": {
                    "phpDocumentor\\Reflection\\": [
                        "src/"
                    ]
                }
            },
            "notification-url": "https://packagist.org/downloads/",
            "license": [
                "MIT"
            ],
            "authors": [
                {
                    "name": "Mike van Riel",
                    "email": "me@mikevanriel.com"
                }
            ],
            "description": "With this component, a library can provide support for annotations via DocBlocks or otherwise retrieve information that is embedded in a DocBlock.",
            "time": "2017-11-30T07:14:17+00:00"
        },
        {
            "name": "phpdocumentor/type-resolver",
            "version": "0.4.0",
            "source": {
                "type": "git",
                "url": "https://github.com/phpDocumentor/TypeResolver.git",
                "reference": "9c977708995954784726e25d0cd1dddf4e65b0f7"
            },
            "dist": {
                "type": "zip",
                "url": "https://api.github.com/repos/phpDocumentor/TypeResolver/zipball/9c977708995954784726e25d0cd1dddf4e65b0f7",
                "reference": "9c977708995954784726e25d0cd1dddf4e65b0f7",
                "shasum": ""
            },
            "require": {
                "php": "^5.5 || ^7.0",
                "phpdocumentor/reflection-common": "^1.0"
            },
            "require-dev": {
                "mockery/mockery": "^0.9.4",
                "phpunit/phpunit": "^5.2||^4.8.24"
            },
            "type": "library",
            "extra": {
                "branch-alias": {
                    "dev-master": "1.0.x-dev"
                }
            },
            "autoload": {
                "psr-4": {
                    "phpDocumentor\\Reflection\\": [
                        "src/"
                    ]
                }
            },
            "notification-url": "https://packagist.org/downloads/",
            "license": [
                "MIT"
            ],
            "authors": [
                {
                    "name": "Mike van Riel",
                    "email": "me@mikevanriel.com"
                }
            ],
            "time": "2017-07-14T14:27:02+00:00"
        },
        {
            "name": "pimple/pimple",
            "version": "v3.2.3",
            "source": {
                "type": "git",
                "url": "https://github.com/silexphp/Pimple.git",
                "reference": "9e403941ef9d65d20cba7d54e29fe906db42cf32"
            },
            "dist": {
                "type": "zip",
                "url": "https://api.github.com/repos/silexphp/Pimple/zipball/9e403941ef9d65d20cba7d54e29fe906db42cf32",
                "reference": "9e403941ef9d65d20cba7d54e29fe906db42cf32",
                "shasum": ""
            },
            "require": {
                "php": ">=5.3.0",
                "psr/container": "^1.0"
            },
            "require-dev": {
                "symfony/phpunit-bridge": "^3.2"
            },
            "type": "library",
            "extra": {
                "branch-alias": {
                    "dev-master": "3.2.x-dev"
                }
            },
            "autoload": {
                "psr-0": {
                    "Pimple": "src/"
                }
            },
            "notification-url": "https://packagist.org/downloads/",
            "license": [
                "MIT"
            ],
            "authors": [
                {
                    "name": "Fabien Potencier",
                    "email": "fabien@symfony.com"
                }
            ],
            "description": "Pimple, a simple Dependency Injection Container",
            "homepage": "http://pimple.sensiolabs.org",
            "keywords": [
                "container",
                "dependency injection"
            ],
            "time": "2018-01-21T07:42:36+00:00"
        },
        {
            "name": "psr/container",
            "version": "1.0.0",
            "source": {
                "type": "git",
                "url": "https://github.com/php-fig/container.git",
                "reference": "b7ce3b176482dbbc1245ebf52b181af44c2cf55f"
            },
            "dist": {
                "type": "zip",
                "url": "https://api.github.com/repos/php-fig/container/zipball/b7ce3b176482dbbc1245ebf52b181af44c2cf55f",
                "reference": "b7ce3b176482dbbc1245ebf52b181af44c2cf55f",
                "shasum": ""
            },
            "require": {
                "php": ">=5.3.0"
            },
            "type": "library",
            "extra": {
                "branch-alias": {
                    "dev-master": "1.0.x-dev"
                }
            },
            "autoload": {
                "psr-4": {
                    "Psr\\Container\\": "src/"
                }
            },
            "notification-url": "https://packagist.org/downloads/",
            "license": [
                "MIT"
            ],
            "authors": [
                {
                    "name": "PHP-FIG",
                    "homepage": "http://www.php-fig.org/"
                }
            ],
            "description": "Common Container Interface (PHP FIG PSR-11)",
            "homepage": "https://github.com/php-fig/container",
            "keywords": [
                "PSR-11",
                "container",
                "container-interface",
                "container-interop",
                "psr"
            ],
            "time": "2017-02-14T16:28:37+00:00"
        },
        {
            "name": "psr/http-message",
            "version": "1.0.1",
            "source": {
                "type": "git",
                "url": "https://github.com/php-fig/http-message.git",
                "reference": "f6561bf28d520154e4b0ec72be95418abe6d9363"
            },
            "dist": {
                "type": "zip",
                "url": "https://api.github.com/repos/php-fig/http-message/zipball/f6561bf28d520154e4b0ec72be95418abe6d9363",
                "reference": "f6561bf28d520154e4b0ec72be95418abe6d9363",
                "shasum": ""
            },
            "require": {
                "php": ">=5.3.0"
            },
            "type": "library",
            "extra": {
                "branch-alias": {
                    "dev-master": "1.0.x-dev"
                }
            },
            "autoload": {
                "psr-4": {
                    "Psr\\Http\\Message\\": "src/"
                }
            },
            "notification-url": "https://packagist.org/downloads/",
            "license": [
                "MIT"
            ],
            "authors": [
                {
                    "name": "PHP-FIG",
                    "homepage": "http://www.php-fig.org/"
                }
            ],
            "description": "Common interface for HTTP messages",
            "homepage": "https://github.com/php-fig/http-message",
            "keywords": [
                "http",
                "http-message",
                "psr",
                "psr-7",
                "request",
                "response"
            ],
            "time": "2016-08-06T14:39:51+00:00"
        },
        {
            "name": "renanhangai/validator",
            "version": "1.2.2",
            "source": {
                "type": "git",
                "url": "https://github.com/renanhangai/libweb-validator.git",
                "reference": "c4981de2f3883855093e4679de133dc1ee01490d"
            },
            "dist": {
                "type": "zip",
                "url": "https://api.github.com/repos/renanhangai/libweb-validator/zipball/c4981de2f3883855093e4679de133dc1ee01490d",
                "reference": "c4981de2f3883855093e4679de133dc1ee01490d",
                "shasum": ""
            },
            "require": {
                "marcj/topsort": "^1.1"
            },
            "require-dev": {
                "phpunit/phpunit": "^6.4",
                "rtlopez/decimal": "^1.0"
            },
            "suggest": {
                "rtlopez/decimal": "Allows decimal validation using v::decimal($digits, $decimal)"
            },
            "type": "library",
            "autoload": {
                "psr-4": {
                    "LibWeb\\validator\\": "src/validator"
                },
                "classmap": [
                    "src/Validator.php",
                    "src/ValidatorException.php"
                ]
            },
            "notification-url": "https://packagist.org/downloads/",
            "license": [
                "MIT"
            ],
            "authors": [
                {
                    "name": "renanhangai",
                    "email": "hangai.renan@gmail.com"
                }
            ],
            "description": "Validate any php variable using a very simple sintax.",
            "keywords": [
                "Simple",
                "data",
                "validate",
                "validator"
            ],
            "time": "2018-02-07T19:24:28+00:00"
        },
        {
            "name": "slim/slim",
            "version": "3.9.2",
            "source": {
                "type": "git",
                "url": "https://github.com/slimphp/Slim.git",
                "reference": "4086d0106cf5a7135c69fce4161fe355a8feb118"
            },
            "dist": {
                "type": "zip",
                "url": "https://api.github.com/repos/slimphp/Slim/zipball/4086d0106cf5a7135c69fce4161fe355a8feb118",
                "reference": "4086d0106cf5a7135c69fce4161fe355a8feb118",
                "shasum": ""
            },
            "require": {
                "container-interop/container-interop": "^1.2",
                "nikic/fast-route": "^1.0",
                "php": ">=5.5.0",
                "pimple/pimple": "^3.0",
                "psr/container": "^1.0",
                "psr/http-message": "^1.0"
            },
            "provide": {
                "psr/http-message-implementation": "1.0"
            },
            "require-dev": {
                "phpunit/phpunit": "^4.0",
                "squizlabs/php_codesniffer": "^2.5"
            },
            "type": "library",
            "autoload": {
                "psr-4": {
                    "Slim\\": "Slim"
                }
            },
            "notification-url": "https://packagist.org/downloads/",
            "license": [
                "MIT"
            ],
            "authors": [
                {
                    "name": "Rob Allen",
                    "email": "rob@akrabat.com",
                    "homepage": "http://akrabat.com"
                },
                {
                    "name": "Josh Lockhart",
                    "email": "hello@joshlockhart.com",
                    "homepage": "https://joshlockhart.com"
                },
                {
                    "name": "Gabriel Manricks",
                    "email": "gmanricks@me.com",
                    "homepage": "http://gabrielmanricks.com"
                },
                {
                    "name": "Andrew Smith",
                    "email": "a.smith@silentworks.co.uk",
                    "homepage": "http://silentworks.co.uk"
                }
            ],
            "description": "Slim is a PHP micro framework that helps you quickly write simple yet powerful web applications and APIs",
            "homepage": "https://slimframework.com",
            "keywords": [
                "api",
                "framework",
                "micro",
                "router"
            ],
            "time": "2017-11-26T19:13:09+00:00"
        },
        {
            "name": "violet/streaming-json-encoder",
            "version": "v1.1.1",
            "source": {
                "type": "git",
                "url": "https://github.com/violet-php/streaming-json-encoder.git",
                "reference": "5aa8bc3494c4a24116b46c0d461c409eeb8bf313"
            },
            "dist": {
                "type": "zip",
                "url": "https://api.github.com/repos/violet-php/streaming-json-encoder/zipball/5aa8bc3494c4a24116b46c0d461c409eeb8bf313",
                "reference": "5aa8bc3494c4a24116b46c0d461c409eeb8bf313",
                "shasum": ""
            },
            "require": {
                "php": ">=5.6.0",
                "psr/http-message": "^1.0"
            },
            "require-dev": {
                "friendsofphp/php-cs-fixer": "^2.3",
                "phpunit/phpunit": "^5.7 || ^6.2",
                "squizlabs/php_codesniffer": "^3.0"
            },
            "type": "library",
            "autoload": {
                "psr-4": {
                    "Violet\\StreamingJsonEncoder\\": "src/"
                }
            },
            "notification-url": "https://packagist.org/downloads/",
            "license": [
                "MIT"
            ],
            "authors": [
                {
                    "name": "Riikka Kalliomäki",
                    "email": "riikka.kalliomaki@gmail.com",
                    "homepage": "http://riimu.net"
                }
            ],
            "description": "Library for iteratively encoding large JSON documents piece by piece",
            "homepage": "http://violet.riimu.net",
            "keywords": [
                "encoder",
                "json",
                "psr-7",
                "streaming"
            ],
            "time": "2017-07-09T14:42:39+00:00"
        },
        {
            "name": "webmozart/assert",
            "version": "1.3.0",
            "source": {
                "type": "git",
                "url": "https://github.com/webmozart/assert.git",
                "reference": "0df1908962e7a3071564e857d86874dad1ef204a"
            },
            "dist": {
                "type": "zip",
                "url": "https://api.github.com/repos/webmozart/assert/zipball/0df1908962e7a3071564e857d86874dad1ef204a",
                "reference": "0df1908962e7a3071564e857d86874dad1ef204a",
                "shasum": ""
            },
            "require": {
                "php": "^5.3.3 || ^7.0"
            },
            "require-dev": {
                "phpunit/phpunit": "^4.6",
                "sebastian/version": "^1.0.1"
            },
            "type": "library",
            "extra": {
                "branch-alias": {
                    "dev-master": "1.3-dev"
                }
            },
            "autoload": {
                "psr-4": {
                    "Webmozart\\Assert\\": "src/"
                }
            },
            "notification-url": "https://packagist.org/downloads/",
            "license": [
                "MIT"
            ],
            "authors": [
                {
                    "name": "Bernhard Schussek",
                    "email": "bschussek@gmail.com"
                }
            ],
            "description": "Assertions to validate method input/output with nice error messages.",
            "keywords": [
                "assert",
                "check",
                "validate"
            ],
            "time": "2018-01-29T19:49:41+00:00"
        },
        {
            "name": "webmozart/path-util",
            "version": "2.3.0",
            "source": {
                "type": "git",
                "url": "https://github.com/webmozart/path-util.git",
                "reference": "d939f7edc24c9a1bb9c0dee5cb05d8e859490725"
            },
            "dist": {
                "type": "zip",
                "url": "https://api.github.com/repos/webmozart/path-util/zipball/d939f7edc24c9a1bb9c0dee5cb05d8e859490725",
                "reference": "d939f7edc24c9a1bb9c0dee5cb05d8e859490725",
                "shasum": ""
            },
            "require": {
                "php": ">=5.3.3",
                "webmozart/assert": "~1.0"
            },
            "require-dev": {
                "phpunit/phpunit": "^4.6",
                "sebastian/version": "^1.0.1"
            },
            "type": "library",
            "extra": {
                "branch-alias": {
                    "dev-master": "2.3-dev"
                }
            },
            "autoload": {
                "psr-4": {
                    "Webmozart\\PathUtil\\": "src/"
                }
            },
            "notification-url": "https://packagist.org/downloads/",
            "license": [
                "MIT"
            ],
            "authors": [
                {
                    "name": "Bernhard Schussek",
                    "email": "bschussek@gmail.com"
                }
            ],
            "description": "A robust cross-platform utility for normalizing, comparing and modifying file paths.",
            "time": "2015-12-17T08:42:14+00:00"
        }
    ],
    "packages-dev": [],
    "aliases": [],
    "minimum-stability": "stable",
    "stability-flags": [],
    "prefer-stable": false,
    "prefer-lowest": false,
    "platform": [],
    "platform-dev": [],
    "version": "3.0.1"
}
